{
    "_readme": [
        "This file locks the dependencies of your project to a known state",
        "Read more about it at https://getcomposer.org/doc/01-basic-usage.md#installing-dependencies",
        "This file is @generated automatically"
    ],
    "content-hash": "9c0b435779829b9ddb629ee947e1f374",
    "packages": [],
    "packages-dev": [
        {
            "name": "phpro/grumphp-shim",
            "version": "v1.3.1",
            "source": {
                "type": "git",
                "url": "https://github.com/phpro/grumphp-shim.git",
                "reference": "5536482f3cb79cebbd31c562a5f846c4e426dca0"
            },
            "dist": {
                "type": "zip",
                "url": "https://api.github.com/repos/phpro/grumphp-shim/zipball/5536482f3cb79cebbd31c562a5f846c4e426dca0",
                "reference": "5536482f3cb79cebbd31c562a5f846c4e426dca0",
                "shasum": ""
            },
            "require": {
                "composer-plugin-api": "~1.0 || ~2.0",
                "ext-json": "*",
                "php": "^7.3 || ^8.0"
            },
            "replace": {
                "phpro/grumphp": "self.version"
            },
            "require-dev": {
                "humbug/box": "^3.9.0",
                "jetbrains/phpstorm-stubs": "dev-master@dev"
            },
            "bin": [
                "grumphp",
                "grumphp.phar"
            ],
            "type": "composer-plugin",
            "extra": {
                "class": "GrumPHP\\Composer\\GrumPHPPlugin"
            },
            "autoload": {
                "psr-4": {
                    "GrumPHP\\": "src"
                }
            },
            "notification-url": "https://packagist.org/downloads/",
            "license": [
                "MIT"
            ],
            "authors": [
                {
                    "name": "Toon Verwerft",
                    "email": "toon.verwerft@phpro.be"
                },
                {
                    "name": "Community",
                    "homepage": "https://github.com/phpro/grumphp/graphs/contributors"
                }
            ],
            "description": "GrumPHP Phar distribution",
            "support": {
                "issues": "https://github.com/phpro/grumphp-shim/issues",
                "source": "https://github.com/phpro/grumphp-shim/tree/v1.3.1"
            },
            "time": "2021-02-04T06:29:19+00:00"
        }
    ],
    "aliases": [],
    "minimum-stability": "stable",
    "stability-flags": [],
    "prefer-stable": false,
    "prefer-lowest": false,
    "platform": [],
    "platform-dev": [],
    "plugin-api-version": "2.0.0"
}
